
Microsoft Visual Studio Solution File, Format Version 12.00
# Visual Studio 15
VisualStudioVersion = 15.0.26430.6
MinimumVisualStudioVersion = 10.0.40219.1
Project("{8BC9CEB8-8B4A-11D0-8D11-00A0C91BC942}") = "1-linear-program", "1-linear-program\1-linear-program.vcxproj", "{875D8595-3DFA-4C9F-B96B-438DA32C769D}"
EndProject
Project("{8BC9CEB8-8B4A-11D0-8D11-00A0C91BC942}") = "2-conditionals-loops-1", "2-conditionals-loops-1\2-conditionals-loops-1.vcxproj", "{B97A13E9-2B21-42FE-851A-242946DAB7A0}"
EndProject
Project("{8BC9CEB8-8B4A-11D0-8D11-00A0C91BC942}") = "3-conditionals-loops-2", "3-conditionals-loops-2\3-conditionals-loops-2.vcxproj", "{1135741C-EB61-4277-9D23-3D6B8B99737F}"
EndProject
Global
	GlobalSection(SolutionConfigurationPlatforms) = preSolution
		Debug|x64 = Debug|x64
		Debug|x86 = Debug|x86
		Release|x64 = Release|x64
		Release|x86 = Release|x86
	EndGlobalSection
	GlobalSection(ProjectConfigurationPlatforms) = postSolution
		{875D8595-3DFA-4C9F-B96B-438DA32C769D}.Debug|x64.ActiveCfg = Debug|x64
		{875D8595-3DFA-4C9F-B96B-438DA32C769D}.Debug|x64.Build.0 = Debug|x64
		{875D8595-3DFA-4C9F-B96B-438DA32C769D}.Debug|x86.ActiveCfg = Debug|Win32
		{875D8595-3DFA-4C9F-B96B-438DA32C769D}.Debug|x86.Build.0 = Debug|Win32
		{875D8595-3DFA-4C9F-B96B-438DA32C769D}.Release|x64.ActiveCfg = Release|x64
		{875D8595-3DFA-4C9F-B96B-438DA32C769D}.Release|x64.Build.0 = Release|x64
		{875D8595-3DFA-4C9F-B96B-438DA32C769D}.Release|x86.ActiveCfg = Release|Win32
		{875D8595-3DFA-4C9F-B96B-438DA32C769D}.Release|x86.Build.0 = Release|Win32
		{B97A13E9-2B21-42FE-851A-242946DAB7A0}.Debug|x64.ActiveCfg = Debug|x64
		{B97A13E9-2B21-42FE-851A-242946DAB7A0}.Debug|x64.Build.0 = Debug|x64
		{B97A13E9-2B21-42FE-851A-242946DAB7A0}.Debug|x86.ActiveCfg = Debug|Win32
		{B97A13E9-2B21-42FE-851A-242946DAB7A0}.Debug|x86.Build.0 = Debug|Win32
		{B97A13E9-2B21-42FE-851A-242946DAB7A0}.Release|x64.ActiveCfg = Release|x64
		{B97A13E9-2B21-42FE-851A-242946DAB7A0}.Release|x64.Build.0 = Release|x64
		{B97A13E9-2B21-42FE-851A-242946DAB7A0}.Release|x86.ActiveCfg = Release|Win32
		{B97A13E9-2B21-42FE-851A-242946DAB7A0}.Release|x86.Build.0 = Release|Win32
		{1135741C-EB61-4277-9D23-3D6B8B99737F}.Debug|x64.ActiveCfg = Debug|x64
		{1135741C-EB61-4277-9D23-3D6B8B99737F}.Debug|x64.Build.0 = Debug|x64
		{1135741C-EB61-4277-9D23-3D6B8B99737F}.Debug|x86.ActiveCfg = Debug|Win32
		{1135741C-EB61-4277-9D23-3D6B8B99737F}.Debug|x86.Build.0 = Debug|Win32
		{1135741C-EB61-4277-9D23-3D6B8B99737F}.Release|x64.ActiveCfg = Release|x64
		{1135741C-EB61-4277-9D23-3D6B8B99737F}.Release|x64.Build.0 = Release|x64
		{1135741C-EB61-4277-9D23-3D6B8B99737F}.Release|x86.ActiveCfg = Release|Win32
		{1135741C-EB61-4277-9D23-3D6B8B99737F}.Release|x86.Build.0 = Release|Win32
	EndGlobalSection
	GlobalSection(SolutionProperties) = preSolution
		HideSolutionNode = FALSE
	EndGlobalSection
EndGlobal
